// !$*UTF8*$!
{
	archiveVersion = 1;
	classes = {
	};
	objectVersion = 46;
	objects = {

/* Begin PBXBuildFile section */
		0174A30A1B7D176022B4B4A1 /* libPods-EducationManagementSystem.a in Frameworks */ = {isa = PBXBuildFile; fileRef = A7050075BC698E9A4C56BAC0 /* libPods-EducationManagementSystem.a */; };
		1A007EA31E2330B2001907AE /* EMSysButton.m in Sources */ = {isa = PBXBuildFile; fileRef = 1A007EA21E2330B2001907AE /* EMSysButton.m */; };
		1A007EAF1E2363B2001907AE /* AppDelegate.m in Sources */ = {isa = PBXBuildFile; fileRef = 1A007EA51E2363B2001907AE /* AppDelegate.m */; };
		1A007EB01E2363B2001907AE /* Assets.xcassets in Resources */ = {isa = PBXBuildFile; fileRef = 1A007EA61E2363B2001907AE /* Assets.xcassets */; };
		1A007EB11E2363B2001907AE /* LaunchScreen.storyboard in Resources */ = {isa = PBXBuildFile; fileRef = 1A007EA81E2363B2001907AE /* LaunchScreen.storyboard */; };
		1A007EB21E2363B2001907AE /* Main.storyboard in Resources */ = {isa = PBXBuildFile; fileRef = 1A007EAA1E2363B2001907AE /* Main.storyboard */; };
		1A2092E61E24BE6400BEF63A /* EMMineAboutBtn.m in Sources */ = {isa = PBXBuildFile; fileRef = 1A2092E51E24BE6400BEF63A /* EMMineAboutBtn.m */; };
		1A2092E91E24D58400BEF63A /* EMLoginModel.m in Sources */ = {isa = PBXBuildFile; fileRef = 1A2092E81E24D58400BEF63A /* EMLoginModel.m */; };
		1A2092EE1E260B2E00BEF63A /* EMUserinfoLabel.m in Sources */ = {isa = PBXBuildFile; fileRef = 1A2092ED1E260B2E00BEF63A /* EMUserinfoLabel.m */; };
		1A2092F41E2627F900BEF63A /* EMIconViewBtn.m in Sources */ = {isa = PBXBuildFile; fileRef = 1A2092F31E2627F900BEF63A /* EMIconViewBtn.m */; };
		1A2092F71E262EF100BEF63A /* EMChangePassword.m in Sources */ = {isa = PBXBuildFile; fileRef = 1A2092F61E262EF100BEF63A /* EMChangePassword.m */; };
		1A2092FD1E26303D00BEF63A /* EMChangeAboutUs.m in Sources */ = {isa = PBXBuildFile; fileRef = 1A2092FC1E26303D00BEF63A /* EMChangeAboutUs.m */; };
		1A2093001E26305300BEF63A /* EMAdvicesFeedback.m in Sources */ = {isa = PBXBuildFile; fileRef = 1A2092FF1E26305300BEF63A /* EMAdvicesFeedback.m */; };
		1A2093041E263B6E00BEF63A /* EMChangeIconView.m in Sources */ = {isa = PBXBuildFile; fileRef = 1A2093031E263B6E00BEF63A /* EMChangeIconView.m */; };
		1A20930A1E26479400BEF63A /* EMLeftBarBtn.m in Sources */ = {isa = PBXBuildFile; fileRef = 1A2093091E26479400BEF63A /* EMLeftBarBtn.m */; };
		1A20930D1E26556A00BEF63A /* EMLeftBarBtns.m in Sources */ = {isa = PBXBuildFile; fileRef = 1A20930C1E26556A00BEF63A /* EMLeftBarBtns.m */; };
		347E2042DD3C5936660F6318 /* libPods-EducationManagementSystemTests.a in Frameworks */ = {isa = PBXBuildFile; fileRef = 1A238829813986585BDA2000 /* libPods-EducationManagementSystemTests.a */; };
		693C82BCAD68D99BF6226E08 /* libPods-EducationManagementSystemUITests.a in Frameworks */ = {isa = PBXBuildFile; fileRef = 327481F1B41C4416FE4D24B0 /* libPods-EducationManagementSystemUITests.a */; };
		CF26F8E31E20E53300880FDF /* EMIconUnderLineTextF.m in Sources */ = {isa = PBXBuildFile; fileRef = CF26F8E21E20E53300880FDF /* EMIconUnderLineTextF.m */; };
		CF26F8E61E20E91700880FDF /* UIColor+CZAddition.m in Sources */ = {isa = PBXBuildFile; fileRef = CF26F8E51E20E91700880FDF /* UIColor+CZAddition.m */; };
		CF2A38771E246DC800118059 /* EMClassViewModel.m in Sources */ = {isa = PBXBuildFile; fileRef = CF2A38761E246DC800118059 /* EMClassViewModel.m */; };
		CF2A387B1E246E7200118059 /* EMClassModel.m in Sources */ = {isa = PBXBuildFile; fileRef = CF2A387A1E246E7200118059 /* EMClassModel.m */; };
		CF5110C21E24C25C007062C5 /* EMLeaveCell.m in Sources */ = {isa = PBXBuildFile; fileRef = CF5110C11E24C25C007062C5 /* EMLeaveCell.m */; };
		CF5110C51E24CB15007062C5 /* EMHistoryController.m in Sources */ = {isa = PBXBuildFile; fileRef = CF5110C41E24CB15007062C5 /* EMHistoryController.m */; };
		CF5110C81E24D174007062C5 /* EMLeaveDetailController.m in Sources */ = {isa = PBXBuildFile; fileRef = CF5110C71E24D174007062C5 /* EMLeaveDetailController.m */; };
		CF5110CB1E24DAD7007062C5 /* EMLikeCellView.m in Sources */ = {isa = PBXBuildFile; fileRef = CF5110CA1E24DAD7007062C5 /* EMLikeCellView.m */; };
		CF59C1621E1F7EA40081833A /* main.m in Sources */ = {isa = PBXBuildFile; fileRef = CF59C1611E1F7EA40081833A /* main.m */; };
		CF59C17B1E1F7EA40081833A /* EducationManagementSystemTests.m in Sources */ = {isa = PBXBuildFile; fileRef = CF59C17A1E1F7EA40081833A /* EducationManagementSystemTests.m */; };
		CF59C1861E1F7EA40081833A /* EducationManagementSystemUITests.m in Sources */ = {isa = PBXBuildFile; fileRef = CF59C1851E1F7EA40081833A /* EducationManagementSystemUITests.m */; };
		CF59C1A01E1F83DE0081833A /* BaseViewController.m in Sources */ = {isa = PBXBuildFile; fileRef = CF59C19F1E1F83DE0081833A /* BaseViewController.m */; };
		CF59C1A31E1F850A0081833A /* EMTabBarController.m in Sources */ = {isa = PBXBuildFile; fileRef = CF59C1A21E1F850A0081833A /* EMTabBarController.m */; };
		CF59C1A91E1F87600081833A /* EMLeaveViewController.m in Sources */ = {isa = PBXBuildFile; fileRef = CF59C1A81E1F87600081833A /* EMLeaveViewController.m */; };
		CF59C1AC1E1F87760081833A /* EMClassViewController.m in Sources */ = {isa = PBXBuildFile; fileRef = CF59C1AB1E1F87760081833A /* EMClassViewController.m */; };
		CF59C1AF1E1F899B0081833A /* EMAttendanceController.m in Sources */ = {isa = PBXBuildFile; fileRef = CF59C1AE1E1F899B0081833A /* EMAttendanceController.m */; };
		CF59C1B21E1F89D80081833A /* EMNoticeViewController.m in Sources */ = {isa = PBXBuildFile; fileRef = CF59C1B11E1F89D80081833A /* EMNoticeViewController.m */; };
		CF59C1B51E1F8AB80081833A /* EMAboutMeViewController.m in Sources */ = {isa = PBXBuildFile; fileRef = CF59C1B41E1F8AB80081833A /* EMAboutMeViewController.m */; };
		CF59C1B81E1F8C8A0081833A /* RootViewController.m in Sources */ = {isa = PBXBuildFile; fileRef = CF59C1B71E1F8C8A0081833A /* RootViewController.m */; };
		CF59C1BB1E1F90700081833A /* EMLoginViewController.m in Sources */ = {isa = PBXBuildFile; fileRef = CF59C1BA1E1F90700081833A /* EMLoginViewController.m */; };
		CF59C1BE1E1F90D00081833A /* EMLuanchViewController.m in Sources */ = {isa = PBXBuildFile; fileRef = CF59C1BD1E1F90D00081833A /* EMLuanchViewController.m */; };
		CF59C1CE1E1FAC830081833A /* NetRequest.m in Sources */ = {isa = PBXBuildFile; fileRef = CF59C1CD1E1FAC830081833A /* NetRequest.m */; };
		CF5D4F091E238309004713A2 /* LogCategory.m in Sources */ = {isa = PBXBuildFile; fileRef = CF5D4F081E238309004713A2 /* LogCategory.m */; };
		CF5D4F0C1E23A508004713A2 /* EMStuOrTeacherViewController.m in Sources */ = {isa = PBXBuildFile; fileRef = CF5D4F0B1E23A508004713A2 /* EMStuOrTeacherViewController.m */; };
		CF5D4F0F1E23A6DD004713A2 /* EMSearchBarView.m in Sources */ = {isa = PBXBuildFile; fileRef = CF5D4F0E1E23A6DD004713A2 /* EMSearchBarView.m */; };
		CFAFBC781E25CEEF00F4A020 /* EMSTCell.m in Sources */ = {isa = PBXBuildFile; fileRef = CFAFBC771E25CEEF00F4A020 /* EMSTCell.m */; };
		CFAFBC7E1E25DBFD00F4A020 /* EMBaseCell.m in Sources */ = {isa = PBXBuildFile; fileRef = CFAFBC7D1E25DBFD00F4A020 /* EMBaseCell.m */; };
		CFAFBC811E260F2800F4A020 /* EMTwoBtnView.m in Sources */ = {isa = PBXBuildFile; fileRef = CFAFBC801E260F2800F4A020 /* EMTwoBtnView.m */; };
		CFAFBC841E2621BA00F4A020 /* EMIconMarkLabel.m in Sources */ = {isa = PBXBuildFile; fileRef = CFAFBC831E2621BA00F4A020 /* EMIconMarkLabel.m */; };
		CFED49331E232EC500750CBA /* EMIconDirectionButton.m in Sources */ = {isa = PBXBuildFile; fileRef = CFED49321E232EC500750CBA /* EMIconDirectionButton.m */; };
		CFED49371E23622600750CBA /* EMClassViewCell.m in Sources */ = {isa = PBXBuildFile; fileRef = CFED49361E23622500750CBA /* EMClassViewCell.m */; };
/* End PBXBuildFile section */

/* Begin PBXContainerItemProxy section */
		CF59C1771E1F7EA40081833A /* PBXContainerItemProxy */ = {
			isa = PBXContainerItemProxy;
			containerPortal = CF59C1551E1F7EA40081833A /* Project object */;
			proxyType = 1;
			remoteGlobalIDString = CF59C15C1E1F7EA40081833A;
			remoteInfo = EducationManagementSystem;
		};
		CF59C1821E1F7EA40081833A /* PBXContainerItemProxy */ = {
			isa = PBXContainerItemProxy;
			containerPortal = CF59C1551E1F7EA40081833A /* Project object */;
			proxyType = 1;
			remoteGlobalIDString = CF59C15C1E1F7EA40081833A;
			remoteInfo = EducationManagementSystem;
		};
/* End PBXContainerItemProxy section */

/* Begin PBXFileReference section */
		00898E5C5FFAA3DAC01F0937 /* Pods-EducationManagementSystem.debug.xcconfig */ = {isa = PBXFileReference; includeInIndex = 1; lastKnownFileType = text.xcconfig; name = "Pods-EducationManagementSystem.debug.xcconfig"; path = "Pods/Target Support Files/Pods-EducationManagementSystem/Pods-EducationManagementSystem.debug.xcconfig"; sourceTree = "<group>"; };
		1A007EA11E2330B2001907AE /* EMSysButton.h */ = {isa = PBXFileReference; fileEncoding = 4; lastKnownFileType = sourcecode.c.h; path = EMSysButton.h; sourceTree = "<group>"; };
		1A007EA21E2330B2001907AE /* EMSysButton.m */ = {isa = PBXFileReference; fileEncoding = 4; lastKnownFileType = sourcecode.c.objc; path = EMSysButton.m; sourceTree = "<group>"; };
		1A007EA41E2363B2001907AE /* AppDelegate.h */ = {isa = PBXFileReference; fileEncoding = 4; lastKnownFileType = sourcecode.c.h; path = AppDelegate.h; sourceTree = "<group>"; };
		1A007EA51E2363B2001907AE /* AppDelegate.m */ = {isa = PBXFileReference; fileEncoding = 4; lastKnownFileType = sourcecode.c.objc; path = AppDelegate.m; sourceTree = "<group>"; };
		1A007EA61E2363B2001907AE /* Assets.xcassets */ = {isa = PBXFileReference; lastKnownFileType = folder.assetcatalog; path = Assets.xcassets; sourceTree = "<group>"; };
		1A007EA91E2363B2001907AE /* Base */ = {isa = PBXFileReference; lastKnownFileType = file.storyboard; name = Base; path = LaunchScreen.storyboard; sourceTree = "<group>"; };
		1A007EAB1E2363B2001907AE /* Base */ = {isa = PBXFileReference; lastKnownFileType = file.storyboard; name = Base; path = Main.storyboard; sourceTree = "<group>"; };
		1A007EAC1E2363B2001907AE /* Info.plist */ = {isa = PBXFileReference; fileEncoding = 4; lastKnownFileType = text.plist.xml; path = Info.plist; sourceTree = "<group>"; };
		1A2092E41E24BE6400BEF63A /* EMMineAboutBtn.h */ = {isa = PBXFileReference; fileEncoding = 4; lastKnownFileType = sourcecode.c.h; path = EMMineAboutBtn.h; sourceTree = "<group>"; };
		1A2092E51E24BE6400BEF63A /* EMMineAboutBtn.m */ = {isa = PBXFileReference; fileEncoding = 4; lastKnownFileType = sourcecode.c.objc; path = EMMineAboutBtn.m; sourceTree = "<group>"; };
		1A2092E71E24D58400BEF63A /* EMLoginModel.h */ = {isa = PBXFileReference; fileEncoding = 4; lastKnownFileType = sourcecode.c.h; path = EMLoginModel.h; sourceTree = "<group>"; };
		1A2092E81E24D58400BEF63A /* EMLoginModel.m */ = {isa = PBXFileReference; fileEncoding = 4; lastKnownFileType = sourcecode.c.objc; path = EMLoginModel.m; sourceTree = "<group>"; };
		1A2092EC1E260B2E00BEF63A /* EMUserinfoLabel.h */ = {isa = PBXFileReference; fileEncoding = 4; lastKnownFileType = sourcecode.c.h; path = EMUserinfoLabel.h; sourceTree = "<group>"; };
		1A2092ED1E260B2E00BEF63A /* EMUserinfoLabel.m */ = {isa = PBXFileReference; fileEncoding = 4; lastKnownFileType = sourcecode.c.objc; path = EMUserinfoLabel.m; sourceTree = "<group>"; };
		1A2092F21E2627F900BEF63A /* EMIconViewBtn.h */ = {isa = PBXFileReference; fileEncoding = 4; lastKnownFileType = sourcecode.c.h; path = EMIconViewBtn.h; sourceTree = "<group>"; };
		1A2092F31E2627F900BEF63A /* EMIconViewBtn.m */ = {isa = PBXFileReference; fileEncoding = 4; lastKnownFileType = sourcecode.c.objc; path = EMIconViewBtn.m; sourceTree = "<group>"; };
		1A2092F51E262EF100BEF63A /* EMChangePassword.h */ = {isa = PBXFileReference; fileEncoding = 4; lastKnownFileType = sourcecode.c.h; path = EMChangePassword.h; sourceTree = "<group>"; };
		1A2092F61E262EF100BEF63A /* EMChangePassword.m */ = {isa = PBXFileReference; fileEncoding = 4; lastKnownFileType = sourcecode.c.objc; path = EMChangePassword.m; sourceTree = "<group>"; };
		1A2092FB1E26303D00BEF63A /* EMChangeAboutUs.h */ = {isa = PBXFileReference; fileEncoding = 4; lastKnownFileType = sourcecode.c.h; path = EMChangeAboutUs.h; sourceTree = "<group>"; };
		1A2092FC1E26303D00BEF63A /* EMChangeAboutUs.m */ = {isa = PBXFileReference; fileEncoding = 4; lastKnownFileType = sourcecode.c.objc; path = EMChangeAboutUs.m; sourceTree = "<group>"; };
		1A2092FE1E26305300BEF63A /* EMAdvicesFeedback.h */ = {isa = PBXFileReference; fileEncoding = 4; lastKnownFileType = sourcecode.c.h; path = EMAdvicesFeedback.h; sourceTree = "<group>"; };
		1A2092FF1E26305300BEF63A /* EMAdvicesFeedback.m */ = {isa = PBXFileReference; fileEncoding = 4; lastKnownFileType = sourcecode.c.objc; path = EMAdvicesFeedback.m; sourceTree = "<group>"; };
		1A2093021E263B6E00BEF63A /* EMChangeIconView.h */ = {isa = PBXFileReference; fileEncoding = 4; lastKnownFileType = sourcecode.c.h; path = EMChangeIconView.h; sourceTree = "<group>"; };
		1A2093031E263B6E00BEF63A /* EMChangeIconView.m */ = {isa = PBXFileReference; fileEncoding = 4; lastKnownFileType = sourcecode.c.objc; path = EMChangeIconView.m; sourceTree = "<group>"; };
		1A2093081E26479400BEF63A /* EMLeftBarBtn.h */ = {isa = PBXFileReference; fileEncoding = 4; lastKnownFileType = sourcecode.c.h; path = EMLeftBarBtn.h; sourceTree = "<group>"; };
		1A2093091E26479400BEF63A /* EMLeftBarBtn.m */ = {isa = PBXFileReference; fileEncoding = 4; lastKnownFileType = sourcecode.c.objc; path = EMLeftBarBtn.m; sourceTree = "<group>"; };
		1A20930B1E26556A00BEF63A /* EMLeftBarBtns.h */ = {isa = PBXFileReference; fileEncoding = 4; lastKnownFileType = sourcecode.c.h; path = EMLeftBarBtns.h; sourceTree = "<group>"; };
		1A20930C1E26556A00BEF63A /* EMLeftBarBtns.m */ = {isa = PBXFileReference; fileEncoding = 4; lastKnownFileType = sourcecode.c.objc; path = EMLeftBarBtns.m; sourceTree = "<group>"; };
		1A238829813986585BDA2000 /* libPods-EducationManagementSystemTests.a */ = {isa = PBXFileReference; explicitFileType = archive.ar; includeInIndex = 0; path = "libPods-EducationManagementSystemTests.a"; sourceTree = BUILT_PRODUCTS_DIR; };
		260E80734B3C9044945AB2BA /* Pods-EducationManagementSystemTests.release.xcconfig */ = {isa = PBXFileReference; includeInIndex = 1; lastKnownFileType = text.xcconfig; name = "Pods-EducationManagementSystemTests.release.xcconfig"; path = "Pods/Target Support Files/Pods-EducationManagementSystemTests/Pods-EducationManagementSystemTests.release.xcconfig"; sourceTree = "<group>"; };
		2ABB39BBFAD6962E81ACE2B3 /* Pods-EducationManagementSystem.release.xcconfig */ = {isa = PBXFileReference; includeInIndex = 1; lastKnownFileType = text.xcconfig; name = "Pods-EducationManagementSystem.release.xcconfig"; path = "Pods/Target Support Files/Pods-EducationManagementSystem/Pods-EducationManagementSystem.release.xcconfig"; sourceTree = "<group>"; };
		327481F1B41C4416FE4D24B0 /* libPods-EducationManagementSystemUITests.a */ = {isa = PBXFileReference; explicitFileType = archive.ar; includeInIndex = 0; path = "libPods-EducationManagementSystemUITests.a"; sourceTree = BUILT_PRODUCTS_DIR; };
		6407F571E50B68B4694E8498 /* Pods-EducationManagementSystemTests.debug.xcconfig */ = {isa = PBXFileReference; includeInIndex = 1; lastKnownFileType = text.xcconfig; name = "Pods-EducationManagementSystemTests.debug.xcconfig"; path = "Pods/Target Support Files/Pods-EducationManagementSystemTests/Pods-EducationManagementSystemTests.debug.xcconfig"; sourceTree = "<group>"; };
		79CDD02F1747C54AF552E5F1 /* Pods-EducationManagementSystemUITests.release.xcconfig */ = {isa = PBXFileReference; includeInIndex = 1; lastKnownFileType = text.xcconfig; name = "Pods-EducationManagementSystemUITests.release.xcconfig"; path = "Pods/Target Support Files/Pods-EducationManagementSystemUITests/Pods-EducationManagementSystemUITests.release.xcconfig"; sourceTree = "<group>"; };
		A7050075BC698E9A4C56BAC0 /* libPods-EducationManagementSystem.a */ = {isa = PBXFileReference; explicitFileType = archive.ar; includeInIndex = 0; path = "libPods-EducationManagementSystem.a"; sourceTree = BUILT_PRODUCTS_DIR; };
		CADBA55640BD0B597751D549 /* Pods-EducationManagementSystemUITests.debug.xcconfig */ = {isa = PBXFileReference; includeInIndex = 1; lastKnownFileType = text.xcconfig; name = "Pods-EducationManagementSystemUITests.debug.xcconfig"; path = "Pods/Target Support Files/Pods-EducationManagementSystemUITests/Pods-EducationManagementSystemUITests.debug.xcconfig"; sourceTree = "<group>"; };
		CF26F8E11E20E53300880FDF /* EMIconUnderLineTextF.h */ = {isa = PBXFileReference; fileEncoding = 4; lastKnownFileType = sourcecode.c.h; path = EMIconUnderLineTextF.h; sourceTree = "<group>"; };
		CF26F8E21E20E53300880FDF /* EMIconUnderLineTextF.m */ = {isa = PBXFileReference; fileEncoding = 4; lastKnownFileType = sourcecode.c.objc; path = EMIconUnderLineTextF.m; sourceTree = "<group>"; };
		CF26F8E41E20E91700880FDF /* UIColor+CZAddition.h */ = {isa = PBXFileReference; fileEncoding = 4; lastKnownFileType = sourcecode.c.h; path = "UIColor+CZAddition.h"; sourceTree = "<group>"; };
		CF26F8E51E20E91700880FDF /* UIColor+CZAddition.m */ = {isa = PBXFileReference; fileEncoding = 4; lastKnownFileType = sourcecode.c.objc; path = "UIColor+CZAddition.m"; sourceTree = "<group>"; };
		CF2A38751E246DC800118059 /* EMClassViewModel.h */ = {isa = PBXFileReference; fileEncoding = 4; lastKnownFileType = sourcecode.c.h; path = EMClassViewModel.h; sourceTree = "<group>"; };
		CF2A38761E246DC800118059 /* EMClassViewModel.m */ = {isa = PBXFileReference; fileEncoding = 4; lastKnownFileType = sourcecode.c.objc; path = EMClassViewModel.m; sourceTree = "<group>"; };
		CF2A38791E246E7200118059 /* EMClassModel.h */ = {isa = PBXFileReference; fileEncoding = 4; lastKnownFileType = sourcecode.c.h; path = EMClassModel.h; sourceTree = "<group>"; };
		CF2A387A1E246E7200118059 /* EMClassModel.m */ = {isa = PBXFileReference; fileEncoding = 4; lastKnownFileType = sourcecode.c.objc; path = EMClassModel.m; sourceTree = "<group>"; };
		CF2A387F1E2474A800118059 /* URL.h */ = {isa = PBXFileReference; fileEncoding = 4; lastKnownFileType = sourcecode.c.h; path = URL.h; sourceTree = "<group>"; };
		CF37D5E61E231B6B0019E9A0 /* PrefixHeader.pch */ = {isa = PBXFileReference; fileEncoding = 4; lastKnownFileType = sourcecode.c.h; path = PrefixHeader.pch; sourceTree = "<group>"; };
		CF5110C01E24C25C007062C5 /* EMLeaveCell.h */ = {isa = PBXFileReference; fileEncoding = 4; lastKnownFileType = sourcecode.c.h; path = EMLeaveCell.h; sourceTree = "<group>"; };
		CF5110C11E24C25C007062C5 /* EMLeaveCell.m */ = {isa = PBXFileReference; fileEncoding = 4; lastKnownFileType = sourcecode.c.objc; path = EMLeaveCell.m; sourceTree = "<group>"; };
		CF5110C31E24CB15007062C5 /* EMHistoryController.h */ = {isa = PBXFileReference; fileEncoding = 4; lastKnownFileType = sourcecode.c.h; path = EMHistoryController.h; sourceTree = "<group>"; };
		CF5110C41E24CB15007062C5 /* EMHistoryController.m */ = {isa = PBXFileReference; fileEncoding = 4; lastKnownFileType = sourcecode.c.objc; path = EMHistoryController.m; sourceTree = "<group>"; };
		CF5110C61E24D174007062C5 /* EMLeaveDetailController.h */ = {isa = PBXFileReference; fileEncoding = 4; lastKnownFileType = sourcecode.c.h; path = EMLeaveDetailController.h; sourceTree = "<group>"; };
		CF5110C71E24D174007062C5 /* EMLeaveDetailController.m */ = {isa = PBXFileReference; fileEncoding = 4; lastKnownFileType = sourcecode.c.objc; path = EMLeaveDetailController.m; sourceTree = "<group>"; };
		CF5110C91E24DAD7007062C5 /* EMLikeCellView.h */ = {isa = PBXFileReference; fileEncoding = 4; lastKnownFileType = sourcecode.c.h; path = EMLikeCellView.h; sourceTree = "<group>"; };
		CF5110CA1E24DAD7007062C5 /* EMLikeCellView.m */ = {isa = PBXFileReference; fileEncoding = 4; lastKnownFileType = sourcecode.c.objc; path = EMLikeCellView.m; sourceTree = "<group>"; };
		CF59C15D1E1F7EA40081833A /* EducationManagementSystem.app */ = {isa = PBXFileReference; explicitFileType = wrapper.application; includeInIndex = 0; path = EducationManagementSystem.app; sourceTree = BUILT_PRODUCTS_DIR; };
		CF59C1611E1F7EA40081833A /* main.m */ = {isa = PBXFileReference; lastKnownFileType = sourcecode.c.objc; path = main.m; sourceTree = "<group>"; };
		CF59C1761E1F7EA40081833A /* EducationManagementSystemTests.xctest */ = {isa = PBXFileReference; explicitFileType = wrapper.cfbundle; includeInIndex = 0; path = EducationManagementSystemTests.xctest; sourceTree = BUILT_PRODUCTS_DIR; };
		CF59C17A1E1F7EA40081833A /* EducationManagementSystemTests.m */ = {isa = PBXFileReference; lastKnownFileType = sourcecode.c.objc; path = EducationManagementSystemTests.m; sourceTree = "<group>"; };
		CF59C17C1E1F7EA40081833A /* Info.plist */ = {isa = PBXFileReference; lastKnownFileType = text.plist.xml; path = Info.plist; sourceTree = "<group>"; };
		CF59C1811E1F7EA40081833A /* EducationManagementSystemUITests.xctest */ = {isa = PBXFileReference; explicitFileType = wrapper.cfbundle; includeInIndex = 0; path = EducationManagementSystemUITests.xctest; sourceTree = BUILT_PRODUCTS_DIR; };
		CF59C1851E1F7EA40081833A /* EducationManagementSystemUITests.m */ = {isa = PBXFileReference; lastKnownFileType = sourcecode.c.objc; path = EducationManagementSystemUITests.m; sourceTree = "<group>"; };
		CF59C1871E1F7EA40081833A /* Info.plist */ = {isa = PBXFileReference; lastKnownFileType = text.plist.xml; path = Info.plist; sourceTree = "<group>"; };
		CF59C19E1E1F83DE0081833A /* BaseViewController.h */ = {isa = PBXFileReference; fileEncoding = 4; lastKnownFileType = sourcecode.c.h; path = BaseViewController.h; sourceTree = "<group>"; };
		CF59C19F1E1F83DE0081833A /* BaseViewController.m */ = {isa = PBXFileReference; fileEncoding = 4; lastKnownFileType = sourcecode.c.objc; path = BaseViewController.m; sourceTree = "<group>"; };
		CF59C1A11E1F850A0081833A /* EMTabBarController.h */ = {isa = PBXFileReference; fileEncoding = 4; lastKnownFileType = sourcecode.c.h; path = EMTabBarController.h; sourceTree = "<group>"; };
		CF59C1A21E1F850A0081833A /* EMTabBarController.m */ = {isa = PBXFileReference; fileEncoding = 4; lastKnownFileType = sourcecode.c.objc; path = EMTabBarController.m; sourceTree = "<group>"; };
		CF59C1A71E1F87600081833A /* EMLeaveViewController.h */ = {isa = PBXFileReference; fileEncoding = 4; lastKnownFileType = sourcecode.c.h; path = EMLeaveViewController.h; sourceTree = "<group>"; };
		CF59C1A81E1F87600081833A /* EMLeaveViewController.m */ = {isa = PBXFileReference; fileEncoding = 4; lastKnownFileType = sourcecode.c.objc; path = EMLeaveViewController.m; sourceTree = "<group>"; };
		CF59C1AA1E1F87760081833A /* EMClassViewController.h */ = {isa = PBXFileReference; fileEncoding = 4; lastKnownFileType = sourcecode.c.h; path = EMClassViewController.h; sourceTree = "<group>"; };
		CF59C1AB1E1F87760081833A /* EMClassViewController.m */ = {isa = PBXFileReference; fileEncoding = 4; lastKnownFileType = sourcecode.c.objc; path = EMClassViewController.m; sourceTree = "<group>"; };
		CF59C1AD1E1F899B0081833A /* EMAttendanceController.h */ = {isa = PBXFileReference; fileEncoding = 4; lastKnownFileType = sourcecode.c.h; path = EMAttendanceController.h; sourceTree = "<group>"; };
		CF59C1AE1E1F899B0081833A /* EMAttendanceController.m */ = {isa = PBXFileReference; fileEncoding = 4; lastKnownFileType = sourcecode.c.objc; path = EMAttendanceController.m; sourceTree = "<group>"; };
		CF59C1B01E1F89D80081833A /* EMNoticeViewController.h */ = {isa = PBXFileReference; fileEncoding = 4; lastKnownFileType = sourcecode.c.h; path = EMNoticeViewController.h; sourceTree = "<group>"; };
		CF59C1B11E1F89D80081833A /* EMNoticeViewController.m */ = {isa = PBXFileReference; fileEncoding = 4; lastKnownFileType = sourcecode.c.objc; path = EMNoticeViewController.m; sourceTree = "<group>"; };
		CF59C1B31E1F8AB80081833A /* EMAboutMeViewController.h */ = {isa = PBXFileReference; fileEncoding = 4; lastKnownFileType = sourcecode.c.h; path = EMAboutMeViewController.h; sourceTree = "<group>"; };
		CF59C1B41E1F8AB80081833A /* EMAboutMeViewController.m */ = {isa = PBXFileReference; fileEncoding = 4; lastKnownFileType = sourcecode.c.objc; path = EMAboutMeViewController.m; sourceTree = "<group>"; };
		CF59C1B61E1F8C8A0081833A /* RootViewController.h */ = {isa = PBXFileReference; fileEncoding = 4; lastKnownFileType = sourcecode.c.h; path = RootViewController.h; sourceTree = "<group>"; };
		CF59C1B71E1F8C8A0081833A /* RootViewController.m */ = {isa = PBXFileReference; fileEncoding = 4; lastKnownFileType = sourcecode.c.objc; path = RootViewController.m; sourceTree = "<group>"; };
		CF59C1B91E1F90700081833A /* EMLoginViewController.h */ = {isa = PBXFileReference; fileEncoding = 4; lastKnownFileType = sourcecode.c.h; path = EMLoginViewController.h; sourceTree = "<group>"; };
		CF59C1BA1E1F90700081833A /* EMLoginViewController.m */ = {isa = PBXFileReference; fileEncoding = 4; lastKnownFileType = sourcecode.c.objc; path = EMLoginViewController.m; sourceTree = "<group>"; };
		CF59C1BC1E1F90D00081833A /* EMLuanchViewController.h */ = {isa = PBXFileReference; fileEncoding = 4; lastKnownFileType = sourcecode.c.h; path = EMLuanchViewController.h; sourceTree = "<group>"; };
		CF59C1BD1E1F90D00081833A /* EMLuanchViewController.m */ = {isa = PBXFileReference; fileEncoding = 4; lastKnownFileType = sourcecode.c.objc; path = EMLuanchViewController.m; sourceTree = "<group>"; };
		CF59C1C21E1F95C50081833A /* Adaption.h */ = {isa = PBXFileReference; fileEncoding = 4; lastKnownFileType = sourcecode.c.h; path = Adaption.h; sourceTree = "<group>"; };
		CF59C1CC1E1FAC830081833A /* NetRequest.h */ = {isa = PBXFileReference; fileEncoding = 4; lastKnownFileType = sourcecode.c.h; path = NetRequest.h; sourceTree = "<group>"; };
		CF59C1CD1E1FAC830081833A /* NetRequest.m */ = {isa = PBXFileReference; fileEncoding = 4; lastKnownFileType = sourcecode.c.objc; path = NetRequest.m; sourceTree = "<group>"; };
		CF5D4F071E238309004713A2 /* LogCategory.h */ = {isa = PBXFileReference; fileEncoding = 4; lastKnownFileType = sourcecode.c.h; path = LogCategory.h; sourceTree = "<group>"; };
		CF5D4F081E238309004713A2 /* LogCategory.m */ = {isa = PBXFileReference; fileEncoding = 4; lastKnownFileType = sourcecode.c.objc; path = LogCategory.m; sourceTree = "<group>"; };
		CF5D4F0A1E23A508004713A2 /* EMStuOrTeacherViewController.h */ = {isa = PBXFileReference; fileEncoding = 4; lastKnownFileType = sourcecode.c.h; path = EMStuOrTeacherViewController.h; sourceTree = "<group>"; };
		CF5D4F0B1E23A508004713A2 /* EMStuOrTeacherViewController.m */ = {isa = PBXFileReference; fileEncoding = 4; lastKnownFileType = sourcecode.c.objc; path = EMStuOrTeacherViewController.m; sourceTree = "<group>"; };
		CF5D4F0D1E23A6DD004713A2 /* EMSearchBarView.h */ = {isa = PBXFileReference; fileEncoding = 4; lastKnownFileType = sourcecode.c.h; path = EMSearchBarView.h; sourceTree = "<group>"; };
		CF5D4F0E1E23A6DD004713A2 /* EMSearchBarView.m */ = {isa = PBXFileReference; fileEncoding = 4; lastKnownFileType = sourcecode.c.objc; path = EMSearchBarView.m; sourceTree = "<group>"; };
		CFAFBC761E25CEEF00F4A020 /* EMSTCell.h */ = {isa = PBXFileReference; fileEncoding = 4; lastKnownFileType = sourcecode.c.h; path = EMSTCell.h; sourceTree = "<group>"; };
		CFAFBC771E25CEEF00F4A020 /* EMSTCell.m */ = {isa = PBXFileReference; fileEncoding = 4; lastKnownFileType = sourcecode.c.objc; path = EMSTCell.m; sourceTree = "<group>"; };
		CFAFBC7C1E25DBFD00F4A020 /* EMBaseCell.h */ = {isa = PBXFileReference; fileEncoding = 4; lastKnownFileType = sourcecode.c.h; name = EMBaseCell.h; path = ../EMBaseCell.h; sourceTree = "<group>"; };
		CFAFBC7D1E25DBFD00F4A020 /* EMBaseCell.m */ = {isa = PBXFileReference; fileEncoding = 4; lastKnownFileType = sourcecode.c.objc; name = EMBaseCell.m; path = ../EMBaseCell.m; sourceTree = "<group>"; };
		CFAFBC7F1E260F2800F4A020 /* EMTwoBtnView.h */ = {isa = PBXFileReference; fileEncoding = 4; lastKnownFileType = sourcecode.c.h; path = EMTwoBtnView.h; sourceTree = "<group>"; };
		CFAFBC801E260F2800F4A020 /* EMTwoBtnView.m */ = {isa = PBXFileReference; fileEncoding = 4; lastKnownFileType = sourcecode.c.objc; path = EMTwoBtnView.m; sourceTree = "<group>"; };
		CFAFBC821E2621BA00F4A020 /* EMIconMarkLabel.h */ = {isa = PBXFileReference; fileEncoding = 4; lastKnownFileType = sourcecode.c.h; path = EMIconMarkLabel.h; sourceTree = "<group>"; };
		CFAFBC831E2621BA00F4A020 /* EMIconMarkLabel.m */ = {isa = PBXFileReference; fileEncoding = 4; lastKnownFileType = sourcecode.c.objc; path = EMIconMarkLabel.m; sourceTree = "<group>"; };
		CFED49311E232EC500750CBA /* EMIconDirectionButton.h */ = {isa = PBXFileReference; fileEncoding = 4; lastKnownFileType = sourcecode.c.h; path = EMIconDirectionButton.h; sourceTree = "<group>"; };
		CFED49321E232EC500750CBA /* EMIconDirectionButton.m */ = {isa = PBXFileReference; fileEncoding = 4; lastKnownFileType = sourcecode.c.objc; path = EMIconDirectionButton.m; sourceTree = "<group>"; };
		CFED49351E23622500750CBA /* EMClassViewCell.h */ = {isa = PBXFileReference; fileEncoding = 4; lastKnownFileType = sourcecode.c.h; path = EMClassViewCell.h; sourceTree = "<group>"; };
		CFED49361E23622500750CBA /* EMClassViewCell.m */ = {isa = PBXFileReference; fileEncoding = 4; lastKnownFileType = sourcecode.c.objc; path = EMClassViewCell.m; sourceTree = "<group>"; };
/* End PBXFileReference section */

/* Begin PBXFrameworksBuildPhase section */
		CF59C15A1E1F7EA40081833A /* Frameworks */ = {
			isa = PBXFrameworksBuildPhase;
			buildActionMask = 2147483647;
			files = (
				0174A30A1B7D176022B4B4A1 /* libPods-EducationManagementSystem.a in Frameworks */,
			);
			runOnlyForDeploymentPostprocessing = 0;
		};
		CF59C1731E1F7EA40081833A /* Frameworks */ = {
			isa = PBXFrameworksBuildPhase;
			buildActionMask = 2147483647;
			files = (
				347E2042DD3C5936660F6318 /* libPods-EducationManagementSystemTests.a in Frameworks */,
			);
			runOnlyForDeploymentPostprocessing = 0;
		};
		CF59C17E1E1F7EA40081833A /* Frameworks */ = {
			isa = PBXFrameworksBuildPhase;
			buildActionMask = 2147483647;
			files = (
				693C82BCAD68D99BF6226E08 /* libPods-EducationManagementSystemUITests.a in Frameworks */,
			);
			runOnlyForDeploymentPostprocessing = 0;
		};
/* End PBXFrameworksBuildPhase section */

/* Begin PBXGroup section */
		1A007EA71E2363B2001907AE /* Base.lproj */ = {
			isa = PBXGroup;
			children = (
				1A007EA81E2363B2001907AE /* LaunchScreen.storyboard */,
				1A007EAA1E2363B2001907AE /* Main.storyboard */,
			);
			path = Base.lproj;
			sourceTree = "<group>";
		};
		1A2092E11E24BE0200BEF63A /* View */ = {
			isa = PBXGroup;
			children = (
				1A2092E41E24BE6400BEF63A /* EMMineAboutBtn.h */,
				1A2092E51E24BE6400BEF63A /* EMMineAboutBtn.m */,
				1A2092EC1E260B2E00BEF63A /* EMUserinfoLabel.h */,
				1A2092ED1E260B2E00BEF63A /* EMUserinfoLabel.m */,
				1A2092F21E2627F900BEF63A /* EMIconViewBtn.h */,
				1A2092F31E2627F900BEF63A /* EMIconViewBtn.m */,
			);
			name = View;
			sourceTree = "<group>";
		};
		1A2092E21E24BE0F00BEF63A /* Controller */ = {
			isa = PBXGroup;
			children = (
				1A2093011E2630B300BEF63A /* Detail */,
				CF59C1B31E1F8AB80081833A /* EMAboutMeViewController.h */,
				CF59C1B41E1F8AB80081833A /* EMAboutMeViewController.m */,
			);
			name = Controller;
			sourceTree = "<group>";
		};
		1A2092E31E24BE1800BEF63A /* Model */ = {
			isa = PBXGroup;
			children = (
			);
			name = Model;
			sourceTree = "<group>";
		};
		1A2093011E2630B300BEF63A /* Detail */ = {
			isa = PBXGroup;
			children = (
				1A2092F51E262EF100BEF63A /* EMChangePassword.h */,
				1A2092F61E262EF100BEF63A /* EMChangePassword.m */,
				1A2092FB1E26303D00BEF63A /* EMChangeAboutUs.h */,
				1A2092FC1E26303D00BEF63A /* EMChangeAboutUs.m */,
				1A2092FE1E26305300BEF63A /* EMAdvicesFeedback.h */,
				1A2092FF1E26305300BEF63A /* EMAdvicesFeedback.m */,
				1A2093021E263B6E00BEF63A /* EMChangeIconView.h */,
				1A2093031E263B6E00BEF63A /* EMChangeIconView.m */,
				1A2093081E26479400BEF63A /* EMLeftBarBtn.h */,
				1A2093091E26479400BEF63A /* EMLeftBarBtn.m */,
				1A20930B1E26556A00BEF63A /* EMLeftBarBtns.h */,
				1A20930C1E26556A00BEF63A /* EMLeftBarBtns.m */,
			);
			name = Detail;
			sourceTree = "<group>";
		};
		1EE61A05D3CF04EED1CDEDA8 /* Frameworks */ = {
			isa = PBXGroup;
			children = (
				A7050075BC698E9A4C56BAC0 /* libPods-EducationManagementSystem.a */,
				1A238829813986585BDA2000 /* libPods-EducationManagementSystemTests.a */,
				327481F1B41C4416FE4D24B0 /* libPods-EducationManagementSystemUITests.a */,
			);
			name = Frameworks;
			sourceTree = "<group>";
		};
		AA88F611FA23D74BC283DAAA /* Pods */ = {
			isa = PBXGroup;
			children = (
				00898E5C5FFAA3DAC01F0937 /* Pods-EducationManagementSystem.debug.xcconfig */,
				2ABB39BBFAD6962E81ACE2B3 /* Pods-EducationManagementSystem.release.xcconfig */,
				6407F571E50B68B4694E8498 /* Pods-EducationManagementSystemTests.debug.xcconfig */,
				260E80734B3C9044945AB2BA /* Pods-EducationManagementSystemTests.release.xcconfig */,
				CADBA55640BD0B597751D549 /* Pods-EducationManagementSystemUITests.debug.xcconfig */,
				79CDD02F1747C54AF552E5F1 /* Pods-EducationManagementSystemUITests.release.xcconfig */,
			);
			name = Pods;
			sourceTree = "<group>";
		};
		CF26F8DC1E20E4CA00880FDF /* Controller */ = {
			isa = PBXGroup;
			children = (
				CF59C1A11E1F850A0081833A /* EMTabBarController.h */,
				CF59C1A21E1F850A0081833A /* EMTabBarController.m */,
				CF59C1B61E1F8C8A0081833A /* RootViewController.h */,
				CF59C1B71E1F8C8A0081833A /* RootViewController.m */,
				CF59C1B91E1F90700081833A /* EMLoginViewController.h */,
				CF59C1BA1E1F90700081833A /* EMLoginViewController.m */,
				CF59C1BC1E1F90D00081833A /* EMLuanchViewController.h */,
				CF59C1BD1E1F90D00081833A /* EMLuanchViewController.m */,
			);
			name = Controller;
			sourceTree = "<group>";
		};
		CF26F8DE1E20E4F800880FDF /* model */ = {
			isa = PBXGroup;
			children = (
				1A2092E71E24D58400BEF63A /* EMLoginModel.h */,
				1A2092E81E24D58400BEF63A /* EMLoginModel.m */,
			);
			name = model;
			sourceTree = "<group>";
		};
		CF26F8DF1E20E4FF00880FDF /* view */ = {
			isa = PBXGroup;
			children = (
				CF26F8E11E20E53300880FDF /* EMIconUnderLineTextF.h */,
				CF26F8E21E20E53300880FDF /* EMIconUnderLineTextF.m */,
				CFED49311E232EC500750CBA /* EMIconDirectionButton.h */,
				CFED49321E232EC500750CBA /* EMIconDirectionButton.m */,
				1A007EA11E2330B2001907AE /* EMSysButton.h */,
				1A007EA21E2330B2001907AE /* EMSysButton.m */,
				CFAFBC821E2621BA00F4A020 /* EMIconMarkLabel.h */,
				CFAFBC831E2621BA00F4A020 /* EMIconMarkLabel.m */,
			);
			name = view;
			sourceTree = "<group>";
		};
		CF26F8E81E20E92C00880FDF /* 类目 */ = {
			isa = PBXGroup;
			children = (
				CF26F8E41E20E91700880FDF /* UIColor+CZAddition.h */,
				CF26F8E51E20E91700880FDF /* UIColor+CZAddition.m */,
			);
			name = "类目";
			sourceTree = "<group>";
		};
		CF2A38741E246DA600118059 /* viewModel */ = {
			isa = PBXGroup;
			children = (
				CF2A38751E246DC800118059 /* EMClassViewModel.h */,
				CF2A38761E246DC800118059 /* EMClassViewModel.m */,
			);
			name = viewModel;
			sourceTree = "<group>";
		};
		CF2A38781E246E5800118059 /* model */ = {
			isa = PBXGroup;
			children = (
				CF2A38791E246E7200118059 /* EMClassModel.h */,
				CF2A387A1E246E7200118059 /* EMClassModel.m */,
			);
			name = model;
			sourceTree = "<group>";
		};
		CF37D5E71E232CEF0019E9A0 /* Controller */ = {
			isa = PBXGroup;
			children = (
				CF5D4F0A1E23A508004713A2 /* EMStuOrTeacherViewController.h */,
				CF5D4F0B1E23A508004713A2 /* EMStuOrTeacherViewController.m */,
				CFAFBC761E25CEEF00F4A020 /* EMSTCell.h */,
				CFAFBC771E25CEEF00F4A020 /* EMSTCell.m */,
			);
			name = Controller;
			sourceTree = "<group>";
		};
		CF59C1541E1F7EA40081833A = {
			isa = PBXGroup;
			children = (
				CF59C15F1E1F7EA40081833A /* EducationManagementSystem */,
				CF59C1791E1F7EA40081833A /* EducationManagementSystemTests */,
				CF59C1841E1F7EA40081833A /* EducationManagementSystemUITests */,
				CF59C15E1E1F7EA40081833A /* Products */,
				AA88F611FA23D74BC283DAAA /* Pods */,
				1EE61A05D3CF04EED1CDEDA8 /* Frameworks */,
			);
			sourceTree = "<group>";
		};
		CF59C15E1E1F7EA40081833A /* Products */ = {
			isa = PBXGroup;
			children = (
				CF59C15D1E1F7EA40081833A /* EducationManagementSystem.app */,
				CF59C1761E1F7EA40081833A /* EducationManagementSystemTests.xctest */,
				CF59C1811E1F7EA40081833A /* EducationManagementSystemUITests.xctest */,
			);
			name = Products;
			sourceTree = "<group>";
		};
		CF59C15F1E1F7EA40081833A /* EducationManagementSystem */ = {
			isa = PBXGroup;
			children = (
				CF59C1931E1F80790081833A /* 功能部分 */,
				CF59C1991E1F80790081833A /* 框架部分 */,
				CF59C19D1E1F80790081833A /* 网络部分 */,
				CF59C1601E1F7EA40081833A /* Supporting Files */,
			);
			path = EducationManagementSystem;
			sourceTree = "<group>";
		};
		CF59C1601E1F7EA40081833A /* Supporting Files */ = {
			isa = PBXGroup;
			children = (
				CF59C1611E1F7EA40081833A /* main.m */,
			);
			name = "Supporting Files";
			sourceTree = "<group>";
		};
		CF59C1791E1F7EA40081833A /* EducationManagementSystemTests */ = {
			isa = PBXGroup;
			children = (
				CF59C17A1E1F7EA40081833A /* EducationManagementSystemTests.m */,
				CF59C17C1E1F7EA40081833A /* Info.plist */,
			);
			path = EducationManagementSystemTests;
			sourceTree = "<group>";
		};
		CF59C1841E1F7EA40081833A /* EducationManagementSystemUITests */ = {
			isa = PBXGroup;
			children = (
				CF59C1851E1F7EA40081833A /* EducationManagementSystemUITests.m */,
				CF59C1871E1F7EA40081833A /* Info.plist */,
			);
			path = EducationManagementSystemUITests;
			sourceTree = "<group>";
		};
		CF59C1931E1F80790081833A /* 功能部分 */ = {
			isa = PBXGroup;
			children = (
				CF59C1961E1F80790081833A /* 班级 */,
				CF59C1951E1F80790081833A /* 批假 */,
				CF59C1971E1F80790081833A /* 考勤 */,
				CF59C1981E1F80790081833A /* 通知 */,
				CF59C1941E1F80790081833A /* 我 */,
			);
			path = "功能部分";
			sourceTree = "<group>";
		};
		CF59C1941E1F80790081833A /* 我 */ = {
			isa = PBXGroup;
			children = (
				1A2092E31E24BE1800BEF63A /* Model */,
				1A2092E21E24BE0F00BEF63A /* Controller */,
				1A2092E11E24BE0200BEF63A /* View */,
			);
			path = "我";
			sourceTree = "<group>";
		};
		CF59C1951E1F80790081833A /* 批假 */ = {
			isa = PBXGroup;
			children = (
				CF59C1A71E1F87600081833A /* EMLeaveViewController.h */,
				CF59C1A81E1F87600081833A /* EMLeaveViewController.m */,
				CF5110C01E24C25C007062C5 /* EMLeaveCell.h */,
				CF5110C11E24C25C007062C5 /* EMLeaveCell.m */,
				CF5110C31E24CB15007062C5 /* EMHistoryController.h */,
				CF5110C41E24CB15007062C5 /* EMHistoryController.m */,
				CF5110C61E24D174007062C5 /* EMLeaveDetailController.h */,
				CF5110C71E24D174007062C5 /* EMLeaveDetailController.m */,
				CF5110C91E24DAD7007062C5 /* EMLikeCellView.h */,
				CF5110CA1E24DAD7007062C5 /* EMLikeCellView.m */,
			);
			path = "批假";
			sourceTree = "<group>";
		};
		CF59C1961E1F80790081833A /* 班级 */ = {
			isa = PBXGroup;
			children = (
				CF2A38781E246E5800118059 /* model */,
				CF2A38741E246DA600118059 /* viewModel */,
				CFED49341E23620200750CBA /* view */,
				CF37D5E71E232CEF0019E9A0 /* Controller */,
				CF59C1AA1E1F87760081833A /* EMClassViewController.h */,
				CF59C1AB1E1F87760081833A /* EMClassViewController.m */,
			);
			path = "班级";
			sourceTree = "<group>";
		};
		CF59C1971E1F80790081833A /* 考勤 */ = {
			isa = PBXGroup;
			children = (
				CF59C1AD1E1F899B0081833A /* EMAttendanceController.h */,
				CF59C1AE1E1F899B0081833A /* EMAttendanceController.m */,
				CFAFBC7F1E260F2800F4A020 /* EMTwoBtnView.h */,
				CFAFBC801E260F2800F4A020 /* EMTwoBtnView.m */,
			);
			path = "考勤";
			sourceTree = "<group>";
		};
		CF59C1981E1F80790081833A /* 通知 */ = {
			isa = PBXGroup;
			children = (
				CF59C1B01E1F89D80081833A /* EMNoticeViewController.h */,
				CF59C1B11E1F89D80081833A /* EMNoticeViewController.m */,
			);
			path = "通知";
			sourceTree = "<group>";
		};
		CF59C1991E1F80790081833A /* 框架部分 */ = {
			isa = PBXGroup;
			children = (
				CF59C19A1E1F80790081833A /* 公用 */,
				CF59C19B1E1F80790081833A /* 系统 */,
				CF59C19C1E1F80790081833A /* 自定义 */,
			);
			path = "框架部分";
			sourceTree = "<group>";
		};
		CF59C19A1E1F80790081833A /* 公用 */ = {
			isa = PBXGroup;
			children = (
				CF5D4F061E238309004713A2 /* LogCategory */,
				CF26F8E81E20E92C00880FDF /* 类目 */,
				CF59C1C11E1F95C50081833A /* 适配 */,
				CF59C19E1E1F83DE0081833A /* BaseViewController.h */,
				CF59C19F1E1F83DE0081833A /* BaseViewController.m */,
				CF37D5E61E231B6B0019E9A0 /* PrefixHeader.pch */,
				CF2A387F1E2474A800118059 /* URL.h */,
				CFAFBC7C1E25DBFD00F4A020 /* EMBaseCell.h */,
				CFAFBC7D1E25DBFD00F4A020 /* EMBaseCell.m */,
			);
			path = "公用";
			sourceTree = "<group>";
		};
		CF59C19B1E1F80790081833A /* 系统 */ = {
			isa = PBXGroup;
			children = (
				1A007EA41E2363B2001907AE /* AppDelegate.h */,
				1A007EA51E2363B2001907AE /* AppDelegate.m */,
				1A007EA61E2363B2001907AE /* Assets.xcassets */,
				1A007EA71E2363B2001907AE /* Base.lproj */,
				1A007EAC1E2363B2001907AE /* Info.plist */,
			);
			path = "系统";
			sourceTree = "<group>";
		};
		CF59C19C1E1F80790081833A /* 自定义 */ = {
			isa = PBXGroup;
			children = (
				CF26F8DF1E20E4FF00880FDF /* view */,
				CF26F8DE1E20E4F800880FDF /* model */,
				CF26F8DC1E20E4CA00880FDF /* Controller */,
			);
			path = "自定义";
			sourceTree = "<group>";
		};
		CF59C19D1E1F80790081833A /* 网络部分 */ = {
			isa = PBXGroup;
			children = (
				CF59C1CC1E1FAC830081833A /* NetRequest.h */,
				CF59C1CD1E1FAC830081833A /* NetRequest.m */,
			);
			path = "网络部分";
			sourceTree = "<group>";
		};
		CF59C1C11E1F95C50081833A /* 适配 */ = {
			isa = PBXGroup;
			children = (
				CF59C1C21E1F95C50081833A /* Adaption.h */,
			);
			path = "适配";
			sourceTree = "<group>";
		};
		CF5D4F061E238309004713A2 /* LogCategory */ = {
			isa = PBXGroup;
			children = (
				CF5D4F071E238309004713A2 /* LogCategory.h */,
				CF5D4F081E238309004713A2 /* LogCategory.m */,
			);
			path = LogCategory;
			sourceTree = "<group>";
		};
		CFED49341E23620200750CBA /* view */ = {
			isa = PBXGroup;
			children = (
				CFED49351E23622500750CBA /* EMClassViewCell.h */,
				CFED49361E23622500750CBA /* EMClassViewCell.m */,
				CF5D4F0D1E23A6DD004713A2 /* EMSearchBarView.h */,
				CF5D4F0E1E23A6DD004713A2 /* EMSearchBarView.m */,
			);
			name = view;
			sourceTree = "<group>";
		};
/* End PBXGroup section */

/* Begin PBXNativeTarget section */
		CF59C15C1E1F7EA40081833A /* EducationManagementSystem */ = {
			isa = PBXNativeTarget;
			buildConfigurationList = CF59C18A1E1F7EA40081833A /* Build configuration list for PBXNativeTarget "EducationManagementSystem" */;
			buildPhases = (
				25AB8F971521494AE071215C /* [CP] Check Pods Manifest.lock */,
				CF59C1591E1F7EA40081833A /* Sources */,
				CF59C15A1E1F7EA40081833A /* Frameworks */,
				CF59C15B1E1F7EA40081833A /* Resources */,
				8E271811B4F5D9962C7CDF24 /* [CP] Embed Pods Frameworks */,
				81D1C154D4E569F3DAC7964B /* [CP] Copy Pods Resources */,
			);
			buildRules = (
			);
			dependencies = (
			);
			name = EducationManagementSystem;
			productName = EducationManagementSystem;
			productReference = CF59C15D1E1F7EA40081833A /* EducationManagementSystem.app */;
			productType = "com.apple.product-type.application";
		};
		CF59C1751E1F7EA40081833A /* EducationManagementSystemTests */ = {
			isa = PBXNativeTarget;
			buildConfigurationList = CF59C18D1E1F7EA40081833A /* Build configuration list for PBXNativeTarget "EducationManagementSystemTests" */;
			buildPhases = (
				4DFEF3A13BABFBEDAA1CC453 /* [CP] Check Pods Manifest.lock */,
				CF59C1721E1F7EA40081833A /* Sources */,
				CF59C1731E1F7EA40081833A /* Frameworks */,
				CF59C1741E1F7EA40081833A /* Resources */,
				823C412D52BF933B128D673D /* [CP] Embed Pods Frameworks */,
				F73178381EFAA95B5057A79C /* [CP] Copy Pods Resources */,
			);
			buildRules = (
			);
			dependencies = (
				CF59C1781E1F7EA40081833A /* PBXTargetDependency */,
			);
			name = EducationManagementSystemTests;
			productName = EducationManagementSystemTests;
			productReference = CF59C1761E1F7EA40081833A /* EducationManagementSystemTests.xctest */;
			productType = "com.apple.product-type.bundle.unit-test";
		};
		CF59C1801E1F7EA40081833A /* EducationManagementSystemUITests */ = {
			isa = PBXNativeTarget;
			buildConfigurationList = CF59C1901E1F7EA40081833A /* Build configuration list for PBXNativeTarget "EducationManagementSystemUITests" */;
			buildPhases = (
				36617E6BCAAFD69CAC16F972 /* [CP] Check Pods Manifest.lock */,
				CF59C17D1E1F7EA40081833A /* Sources */,
				CF59C17E1E1F7EA40081833A /* Frameworks */,
				CF59C17F1E1F7EA40081833A /* Resources */,
				504EC59BC1E343C2A9B83940 /* [CP] Embed Pods Frameworks */,
				F491F521CB0593983B8BDFCC /* [CP] Copy Pods Resources */,
			);
			buildRules = (
			);
			dependencies = (
				CF59C1831E1F7EA40081833A /* PBXTargetDependency */,
			);
			name = EducationManagementSystemUITests;
			productName = EducationManagementSystemUITests;
			productReference = CF59C1811E1F7EA40081833A /* EducationManagementSystemUITests.xctest */;
			productType = "com.apple.product-type.bundle.ui-testing";
		};
/* End PBXNativeTarget section */

/* Begin PBXProject section */
		CF59C1551E1F7EA40081833A /* Project object */ = {
			isa = PBXProject;
			attributes = {
				CLASSPREFIX = EM;
				LastUpgradeCheck = 0820;
				ORGANIZATIONNAME = com.HuaHuaCai;
				TargetAttributes = {
					CF59C15C1E1F7EA40081833A = {
						CreatedOnToolsVersion = 8.2;
						DevelopmentTeam = Q87YBSMBE8;
						ProvisioningStyle = Automatic;
					};
					CF59C1751E1F7EA40081833A = {
						CreatedOnToolsVersion = 8.2;
						DevelopmentTeam = Q87YBSMBE8;
						ProvisioningStyle = Automatic;
						TestTargetID = CF59C15C1E1F7EA40081833A;
					};
					CF59C1801E1F7EA40081833A = {
						CreatedOnToolsVersion = 8.2;
						DevelopmentTeam = Q87YBSMBE8;
						ProvisioningStyle = Automatic;
						TestTargetID = CF59C15C1E1F7EA40081833A;
					};
				};
			};
			buildConfigurationList = CF59C1581E1F7EA40081833A /* Build configuration list for PBXProject "EducationManagementSystem" */;
			compatibilityVersion = "Xcode 3.2";
			developmentRegion = English;
			hasScannedForEncodings = 0;
			knownRegions = (
				en,
				Base,
			);
			mainGroup = CF59C1541E1F7EA40081833A;
			productRefGroup = CF59C15E1E1F7EA40081833A /* Products */;
			projectDirPath = "";
			projectRoot = "";
			targets = (
				CF59C15C1E1F7EA40081833A /* EducationManagementSystem */,
				CF59C1751E1F7EA40081833A /* EducationManagementSystemTests */,
				CF59C1801E1F7EA40081833A /* EducationManagementSystemUITests */,
			);
		};
/* End PBXProject section */

/* Begin PBXResourcesBuildPhase section */
		CF59C15B1E1F7EA40081833A /* Resources */ = {
			isa = PBXResourcesBuildPhase;
			buildActionMask = 2147483647;
			files = (
				1A007EB21E2363B2001907AE /* Main.storyboard in Resources */,
				1A007EB01E2363B2001907AE /* Assets.xcassets in Resources */,
				1A007EB11E2363B2001907AE /* LaunchScreen.storyboard in Resources */,
			);
			runOnlyForDeploymentPostprocessing = 0;
		};
		CF59C1741E1F7EA40081833A /* Resources */ = {
			isa = PBXResourcesBuildPhase;
			buildActionMask = 2147483647;
			files = (
			);
			runOnlyForDeploymentPostprocessing = 0;
		};
		CF59C17F1E1F7EA40081833A /* Resources */ = {
			isa = PBXResourcesBuildPhase;
			buildActionMask = 2147483647;
			files = (
			);
			runOnlyForDeploymentPostprocessing = 0;
		};
/* End PBXResourcesBuildPhase section */

/* Begin PBXShellScriptBuildPhase section */
		25AB8F971521494AE071215C /* [CP] Check Pods Manifest.lock */ = {
			isa = PBXShellScriptBuildPhase;
			buildActionMask = 2147483647;
			files = (
			);
			inputPaths = (
			);
			name = "[CP] Check Pods Manifest.lock";
			outputPaths = (
			);
			runOnlyForDeploymentPostprocessing = 0;
			shellPath = /bin/sh;
			shellScript = "diff \"${PODS_ROOT}/../Podfile.lock\" \"${PODS_ROOT}/Manifest.lock\" > /dev/null\nif [ $? != 0 ] ; then\n    # print error to STDERR\n    echo \"error: The sandbox is not in sync with the Podfile.lock. Run 'pod install' or update your CocoaPods installation.\" >&2\n    exit 1\nfi\n";
			showEnvVarsInLog = 0;
		};
		36617E6BCAAFD69CAC16F972 /* [CP] Check Pods Manifest.lock */ = {
			isa = PBXShellScriptBuildPhase;
			buildActionMask = 2147483647;
			files = (
			);
			inputPaths = (
			);
			name = "[CP] Check Pods Manifest.lock";
			outputPaths = (
			);
			runOnlyForDeploymentPostprocessing = 0;
			shellPath = /bin/sh;
			shellScript = "diff \"${PODS_ROOT}/../Podfile.lock\" \"${PODS_ROOT}/Manifest.lock\" > /dev/null\nif [ $? != 0 ] ; then\n    # print error to STDERR\n    echo \"error: The sandbox is not in sync with the Podfile.lock. Run 'pod install' or update your CocoaPods installation.\" >&2\n    exit 1\nfi\n";
			showEnvVarsInLog = 0;
		};
		4DFEF3A13BABFBEDAA1CC453 /* [CP] Check Pods Manifest.lock */ = {
			isa = PBXShellScriptBuildPhase;
			buildActionMask = 2147483647;
			files = (
			);
			inputPaths = (
			);
			name = "[CP] Check Pods Manifest.lock";
			outputPaths = (
			);
			runOnlyForDeploymentPostprocessing = 0;
			shellPath = /bin/sh;
			shellScript = "diff \"${PODS_ROOT}/../Podfile.lock\" \"${PODS_ROOT}/Manifest.lock\" > /dev/null\nif [ $? != 0 ] ; then\n    # print error to STDERR\n    echo \"error: The sandbox is not in sync with the Podfile.lock. Run 'pod install' or update your CocoaPods installation.\" >&2\n    exit 1\nfi\n";
			showEnvVarsInLog = 0;
		};
		504EC59BC1E343C2A9B83940 /* [CP] Embed Pods Frameworks */ = {
			isa = PBXShellScriptBuildPhase;
			buildActionMask = 2147483647;
			files = (
			);
			inputPaths = (
			);
			name = "[CP] Embed Pods Frameworks";
			outputPaths = (
			);
			runOnlyForDeploymentPostprocessing = 0;
			shellPath = /bin/sh;
			shellScript = "\"${SRCROOT}/Pods/Target Support Files/Pods-EducationManagementSystemUITests/Pods-EducationManagementSystemUITests-frameworks.sh\"\n";
			showEnvVarsInLog = 0;
		};
		81D1C154D4E569F3DAC7964B /* [CP] Copy Pods Resources */ = {
			isa = PBXShellScriptBuildPhase;
			buildActionMask = 2147483647;
			files = (
			);
			inputPaths = (
			);
			name = "[CP] Copy Pods Resources";
			outputPaths = (
			);
			runOnlyForDeploymentPostprocessing = 0;
			shellPath = /bin/sh;
			shellScript = "\"${SRCROOT}/Pods/Target Support Files/Pods-EducationManagementSystem/Pods-EducationManagementSystem-resources.sh\"\n";
			showEnvVarsInLog = 0;
		};
		823C412D52BF933B128D673D /* [CP] Embed Pods Frameworks */ = {
			isa = PBXShellScriptBuildPhase;
			buildActionMask = 2147483647;
			files = (
			);
			inputPaths = (
			);
			name = "[CP] Embed Pods Frameworks";
			outputPaths = (
			);
			runOnlyForDeploymentPostprocessing = 0;
			shellPath = /bin/sh;
			shellScript = "\"${SRCROOT}/Pods/Target Support Files/Pods-EducationManagementSystemTests/Pods-EducationManagementSystemTests-frameworks.sh\"\n";
			showEnvVarsInLog = 0;
		};
		8E271811B4F5D9962C7CDF24 /* [CP] Embed Pods Frameworks */ = {
			isa = PBXShellScriptBuildPhase;
			buildActionMask = 2147483647;
			files = (
			);
			inputPaths = (
			);
			name = "[CP] Embed Pods Frameworks";
			outputPaths = (
			);
			runOnlyForDeploymentPostprocessing = 0;
			shellPath = /bin/sh;
			shellScript = "\"${SRCROOT}/Pods/Target Support Files/Pods-EducationManagementSystem/Pods-EducationManagementSystem-frameworks.sh\"\n";
			showEnvVarsInLog = 0;
		};
		F491F521CB0593983B8BDFCC /* [CP] Copy Pods Resources */ = {
			isa = PBXShellScriptBuildPhase;
			buildActionMask = 2147483647;
			files = (
			);
			inputPaths = (
			);
			name = "[CP] Copy Pods Resources";
			outputPaths = (
			);
			runOnlyForDeploymentPostprocessing = 0;
			shellPath = /bin/sh;
			shellScript = "\"${SRCROOT}/Pods/Target Support Files/Pods-EducationManagementSystemUITests/Pods-EducationManagementSystemUITests-resources.sh\"\n";
			showEnvVarsInLog = 0;
		};
		F73178381EFAA95B5057A79C /* [CP] Copy Pods Resources */ = {
			isa = PBXShellScriptBuildPhase;
			buildActionMask = 2147483647;
			files = (
			);
			inputPaths = (
			);
			name = "[CP] Copy Pods Resources";
			outputPaths = (
			);
			runOnlyForDeploymentPostprocessing = 0;
			shellPath = /bin/sh;
			shellScript = "\"${SRCROOT}/Pods/Target Support Files/Pods-EducationManagementSystemTests/Pods-EducationManagementSystemTests-resources.sh\"\n";
			showEnvVarsInLog = 0;
		};
/* End PBXShellScriptBuildPhase section */

/* Begin PBXSourcesBuildPhase section */
		CF59C1591E1F7EA40081833A /* Sources */ = {
			isa = PBXSourcesBuildPhase;
			buildActionMask = 2147483647;
			files = (
				CF59C1AC1E1F87760081833A /* EMClassViewController.m in Sources */,
				1A2092E61E24BE6400BEF63A /* EMMineAboutBtn.m in Sources */,
				CFED49371E23622600750CBA /* EMClassViewCell.m in Sources */,
				1A007EAF1E2363B2001907AE /* AppDelegate.m in Sources */,
				1A2092F71E262EF100BEF63A /* EMChangePassword.m in Sources */,
				CF59C1A01E1F83DE0081833A /* BaseViewController.m in Sources */,
				1A2092FD1E26303D00BEF63A /* EMChangeAboutUs.m in Sources */,
				CF5110C51E24CB15007062C5 /* EMHistoryController.m in Sources */,
				1A20930A1E26479400BEF63A /* EMLeftBarBtn.m in Sources */,
				CF26F8E61E20E91700880FDF /* UIColor+CZAddition.m in Sources */,
				CFAFBC841E2621BA00F4A020 /* EMIconMarkLabel.m in Sources */,
				CF59C1AF1E1F899B0081833A /* EMAttendanceController.m in Sources */,
				CF59C1A31E1F850A0081833A /* EMTabBarController.m in Sources */,
				1A2092EE1E260B2E00BEF63A /* EMUserinfoLabel.m in Sources */,
				CFED49331E232EC500750CBA /* EMIconDirectionButton.m in Sources */,
				CF59C1B51E1F8AB80081833A /* EMAboutMeViewController.m in Sources */,
				1A2093001E26305300BEF63A /* EMAdvicesFeedback.m in Sources */,
				1A20930D1E26556A00BEF63A /* EMLeftBarBtns.m in Sources */,
				CF5D4F0C1E23A508004713A2 /* EMStuOrTeacherViewController.m in Sources */,
				1A2092E91E24D58400BEF63A /* EMLoginModel.m in Sources */,
				CF5110C21E24C25C007062C5 /* EMLeaveCell.m in Sources */,
				CF59C1B81E1F8C8A0081833A /* RootViewController.m in Sources */,
				1A007EA31E2330B2001907AE /* EMSysButton.m in Sources */,
				CF5D4F091E238309004713A2 /* LogCategory.m in Sources */,
				CF5D4F0F1E23A6DD004713A2 /* EMSearchBarView.m in Sources */,
				CF5110CB1E24DAD7007062C5 /* EMLikeCellView.m in Sources */,
				1A2093041E263B6E00BEF63A /* EMChangeIconView.m in Sources */,

				CFAFBC811E260F2800F4A020 /* EMTwoBtnView.m in Sources */,
				CFAFBC7E1E25DBFD00F4A020 /* EMBaseCell.m in Sources */,
				CF2A387B1E246E7200118059 /* EMClassModel.m in Sources */,
				CF59C1BE1E1F90D00081833A /* EMLuanchViewController.m in Sources */,
				CF2A38771E246DC800118059 /* EMClassViewModel.m in Sources */,
				CF59C1CE1E1FAC830081833A /* NetRequest.m in Sources */,
				CF59C1BB1E1F90700081833A /* EMLoginViewController.m in Sources */,
				CF59C1A91E1F87600081833A /* EMLeaveViewController.m in Sources */,
				CF26F8E31E20E53300880FDF /* EMIconUnderLineTextF.m in Sources */,
				CF59C1B21E1F89D80081833A /* EMNoticeViewController.m in Sources */,
				1A2092F41E2627F900BEF63A /* EMIconViewBtn.m in Sources */,
				CF2A38861E24B14700118059 /* EMStuCell.m in Sources */,

				CF5110C81E24D174007062C5 /* EMLeaveDetailController.m in Sources */,
				CF59C1621E1F7EA40081833A /* main.m in Sources */,
				CFAFBC781E25CEEF00F4A020 /* EMSTCell.m in Sources */,
			);
			runOnlyForDeploymentPostprocessing = 0;
		};
		CF59C1721E1F7EA40081833A /* Sources */ = {
			isa = PBXSourcesBuildPhase;
			buildActionMask = 2147483647;
			files = (
				CF59C17B1E1F7EA40081833A /* EducationManagementSystemTests.m in Sources */,
			);
			runOnlyForDeploymentPostprocessing = 0;
		};
		CF59C17D1E1F7EA40081833A /* Sources */ = {
			isa = PBXSourcesBuildPhase;
			buildActionMask = 2147483647;
			files = (
				CF59C1861E1F7EA40081833A /* EducationManagementSystemUITests.m in Sources */,
			);
			runOnlyForDeploymentPostprocessing = 0;
		};
/* End PBXSourcesBuildPhase section */

/* Begin PBXTargetDependency section */
		CF59C1781E1F7EA40081833A /* PBXTargetDependency */ = {
			isa = PBXTargetDependency;
			target = CF59C15C1E1F7EA40081833A /* EducationManagementSystem */;
			targetProxy = CF59C1771E1F7EA40081833A /* PBXContainerItemProxy */;
		};
		CF59C1831E1F7EA40081833A /* PBXTargetDependency */ = {
			isa = PBXTargetDependency;
			target = CF59C15C1E1F7EA40081833A /* EducationManagementSystem */;
			targetProxy = CF59C1821E1F7EA40081833A /* PBXContainerItemProxy */;
		};
/* End PBXTargetDependency section */

/* Begin PBXVariantGroup section */
		1A007EA81E2363B2001907AE /* LaunchScreen.storyboard */ = {
			isa = PBXVariantGroup;
			children = (
				1A007EA91E2363B2001907AE /* Base */,
			);
			name = LaunchScreen.storyboard;
			sourceTree = "<group>";
		};
		1A007EAA1E2363B2001907AE /* Main.storyboard */ = {
			isa = PBXVariantGroup;
			children = (
				1A007EAB1E2363B2001907AE /* Base */,
			);
			name = Main.storyboard;
			sourceTree = "<group>";
		};
/* End PBXVariantGroup section */

/* Begin XCBuildConfiguration section */
		CF59C1881E1F7EA40081833A /* Debug */ = {
			isa = XCBuildConfiguration;
			buildSettings = {
				ALWAYS_SEARCH_USER_PATHS = NO;
				CLANG_ANALYZER_NONNULL = YES;
				CLANG_CXX_LANGUAGE_STANDARD = "gnu++0x";
				CLANG_CXX_LIBRARY = "libc++";
				CLANG_ENABLE_MODULES = YES;
				CLANG_ENABLE_OBJC_ARC = YES;
				CLANG_WARN_BOOL_CONVERSION = YES;
				CLANG_WARN_CONSTANT_CONVERSION = YES;
				CLANG_WARN_DIRECT_OBJC_ISA_USAGE = YES_ERROR;
				CLANG_WARN_DOCUMENTATION_COMMENTS = YES;
				CLANG_WARN_EMPTY_BODY = YES;
				CLANG_WARN_ENUM_CONVERSION = YES;
				CLANG_WARN_INFINITE_RECURSION = YES;
				CLANG_WARN_INT_CONVERSION = YES;
				CLANG_WARN_OBJC_ROOT_CLASS = YES_ERROR;
				CLANG_WARN_SUSPICIOUS_MOVE = YES;
				CLANG_WARN_UNREACHABLE_CODE = YES;
				CLANG_WARN__DUPLICATE_METHOD_MATCH = YES;
				"CODE_SIGN_IDENTITY[sdk=iphoneos*]" = "iPhone Developer";
				COPY_PHASE_STRIP = NO;
				DEBUG_INFORMATION_FORMAT = dwarf;
				ENABLE_STRICT_OBJC_MSGSEND = YES;
				ENABLE_TESTABILITY = YES;
				GCC_C_LANGUAGE_STANDARD = gnu99;
				GCC_DYNAMIC_NO_PIC = NO;
				GCC_NO_COMMON_BLOCKS = YES;
				GCC_OPTIMIZATION_LEVEL = 0;
				GCC_PREPROCESSOR_DEFINITIONS = (
					"DEBUG=1",
					"$(inherited)",
				);
				GCC_WARN_64_TO_32_BIT_CONVERSION = YES;
				GCC_WARN_ABOUT_RETURN_TYPE = YES_ERROR;
				GCC_WARN_UNDECLARED_SELECTOR = YES;
				GCC_WARN_UNINITIALIZED_AUTOS = YES_AGGRESSIVE;
				GCC_WARN_UNUSED_FUNCTION = YES;
				GCC_WARN_UNUSED_VARIABLE = YES;
				IPHONEOS_DEPLOYMENT_TARGET = 10.2;
				MTL_ENABLE_DEBUG_INFO = YES;
				ONLY_ACTIVE_ARCH = YES;
				SDKROOT = iphoneos;
			};
			name = Debug;
		};
		CF59C1891E1F7EA40081833A /* Release */ = {
			isa = XCBuildConfiguration;
			buildSettings = {
				ALWAYS_SEARCH_USER_PATHS = NO;
				CLANG_ANALYZER_NONNULL = YES;
				CLANG_CXX_LANGUAGE_STANDARD = "gnu++0x";
				CLANG_CXX_LIBRARY = "libc++";
				CLANG_ENABLE_MODULES = YES;
				CLANG_ENABLE_OBJC_ARC = YES;
				CLANG_WARN_BOOL_CONVERSION = YES;
				CLANG_WARN_CONSTANT_CONVERSION = YES;
				CLANG_WARN_DIRECT_OBJC_ISA_USAGE = YES_ERROR;
				CLANG_WARN_DOCUMENTATION_COMMENTS = YES;
				CLANG_WARN_EMPTY_BODY = YES;
				CLANG_WARN_ENUM_CONVERSION = YES;
				CLANG_WARN_INFINITE_RECURSION = YES;
				CLANG_WARN_INT_CONVERSION = YES;
				CLANG_WARN_OBJC_ROOT_CLASS = YES_ERROR;
				CLANG_WARN_SUSPICIOUS_MOVE = YES;
				CLANG_WARN_UNREACHABLE_CODE = YES;
				CLANG_WARN__DUPLICATE_METHOD_MATCH = YES;
				"CODE_SIGN_IDENTITY[sdk=iphoneos*]" = "iPhone Developer";
				COPY_PHASE_STRIP = NO;
				DEBUG_INFORMATION_FORMAT = "dwarf-with-dsym";
				ENABLE_NS_ASSERTIONS = NO;
				ENABLE_STRICT_OBJC_MSGSEND = YES;
				GCC_C_LANGUAGE_STANDARD = gnu99;
				GCC_NO_COMMON_BLOCKS = YES;
				GCC_WARN_64_TO_32_BIT_CONVERSION = YES;
				GCC_WARN_ABOUT_RETURN_TYPE = YES_ERROR;
				GCC_WARN_UNDECLARED_SELECTOR = YES;
				GCC_WARN_UNINITIALIZED_AUTOS = YES_AGGRESSIVE;
				GCC_WARN_UNUSED_FUNCTION = YES;
				GCC_WARN_UNUSED_VARIABLE = YES;
				IPHONEOS_DEPLOYMENT_TARGET = 10.2;
				MTL_ENABLE_DEBUG_INFO = NO;
				SDKROOT = iphoneos;
				VALIDATE_PRODUCT = YES;
			};
			name = Release;
		};
		CF59C18B1E1F7EA40081833A /* Debug */ = {
			isa = XCBuildConfiguration;
			baseConfigurationReference = 00898E5C5FFAA3DAC01F0937 /* Pods-EducationManagementSystem.debug.xcconfig */;
			buildSettings = {
				ASSETCATALOG_COMPILER_APPICON_NAME = AppIcon;
				DEVELOPMENT_TEAM = Q87YBSMBE8;
				GCC_PRECOMPILE_PREFIX_HEADER = YES;
				GCC_PREFIX_HEADER = "$(SRCROOT)/EducationManagementSystem/框架部分/公用/PrefixHeader.pch";
				INFOPLIST_FILE = "$(SRCROOT)/EducationManagementSystem/框架部分/系统/Info.plist";
				LD_RUNPATH_SEARCH_PATHS = "$(inherited) @executable_path/Frameworks";
				PRODUCT_BUNDLE_IDENTIFIER = HuaHuaCai.EducationManagementSystem;
				PRODUCT_NAME = "$(TARGET_NAME)";
			};
			name = Debug;
		};
		CF59C18C1E1F7EA40081833A /* Release */ = {
			isa = XCBuildConfiguration;
			baseConfigurationReference = 2ABB39BBFAD6962E81ACE2B3 /* Pods-EducationManagementSystem.release.xcconfig */;
			buildSettings = {
				ASSETCATALOG_COMPILER_APPICON_NAME = AppIcon;
				DEVELOPMENT_TEAM = Q87YBSMBE8;
				GCC_PRECOMPILE_PREFIX_HEADER = YES;
				GCC_PREFIX_HEADER = "$(SRCROOT)/EducationManagementSystem/框架部分/公用/PrefixHeader.pch";
				INFOPLIST_FILE = "$(SRCROOT)/EducationManagementSystem/框架部分/系统/Info.plist";
				LD_RUNPATH_SEARCH_PATHS = "$(inherited) @executable_path/Frameworks";
				PRODUCT_BUNDLE_IDENTIFIER = HuaHuaCai.EducationManagementSystem;
				PRODUCT_NAME = "$(TARGET_NAME)";
			};
			name = Release;
		};
		CF59C18E1E1F7EA40081833A /* Debug */ = {
			isa = XCBuildConfiguration;
			baseConfigurationReference = 6407F571E50B68B4694E8498 /* Pods-EducationManagementSystemTests.debug.xcconfig */;
			buildSettings = {
				BUNDLE_LOADER = "$(TEST_HOST)";
				DEVELOPMENT_TEAM = Q87YBSMBE8;
				INFOPLIST_FILE = EducationManagementSystemTests/Info.plist;
				LD_RUNPATH_SEARCH_PATHS = "$(inherited) @executable_path/Frameworks @loader_path/Frameworks";
				PRODUCT_BUNDLE_IDENTIFIER = HuaHuaCai.EducationManagementSystemTests;
				PRODUCT_NAME = "$(TARGET_NAME)";
				TEST_HOST = "$(BUILT_PRODUCTS_DIR)/EducationManagementSystem.app/EducationManagementSystem";
			};
			name = Debug;
		};
		CF59C18F1E1F7EA40081833A /* Release */ = {
			isa = XCBuildConfiguration;
			baseConfigurationReference = 260E80734B3C9044945AB2BA /* Pods-EducationManagementSystemTests.release.xcconfig */;
			buildSettings = {
				BUNDLE_LOADER = "$(TEST_HOST)";
				DEVELOPMENT_TEAM = Q87YBSMBE8;
				INFOPLIST_FILE = EducationManagementSystemTests/Info.plist;
				LD_RUNPATH_SEARCH_PATHS = "$(inherited) @executable_path/Frameworks @loader_path/Frameworks";
				PRODUCT_BUNDLE_IDENTIFIER = HuaHuaCai.EducationManagementSystemTests;
				PRODUCT_NAME = "$(TARGET_NAME)";
				TEST_HOST = "$(BUILT_PRODUCTS_DIR)/EducationManagementSystem.app/EducationManagementSystem";
			};
			name = Release;
		};
		CF59C1911E1F7EA40081833A /* Debug */ = {
			isa = XCBuildConfiguration;
			baseConfigurationReference = CADBA55640BD0B597751D549 /* Pods-EducationManagementSystemUITests.debug.xcconfig */;
			buildSettings = {
				DEVELOPMENT_TEAM = Q87YBSMBE8;
				INFOPLIST_FILE = EducationManagementSystemUITests/Info.plist;
				LD_RUNPATH_SEARCH_PATHS = "$(inherited) @executable_path/Frameworks @loader_path/Frameworks";
				PRODUCT_BUNDLE_IDENTIFIER = HuaHuaCai.EducationManagementSystemUITests;
				PRODUCT_NAME = "$(TARGET_NAME)";
				TEST_TARGET_NAME = EducationManagementSystem;
			};
			name = Debug;
		};
		CF59C1921E1F7EA40081833A /* Release */ = {
			isa = XCBuildConfiguration;
			baseConfigurationReference = 79CDD02F1747C54AF552E5F1 /* Pods-EducationManagementSystemUITests.release.xcconfig */;
			buildSettings = {
				DEVELOPMENT_TEAM = Q87YBSMBE8;
				INFOPLIST_FILE = EducationManagementSystemUITests/Info.plist;
				LD_RUNPATH_SEARCH_PATHS = "$(inherited) @executable_path/Frameworks @loader_path/Frameworks";
				PRODUCT_BUNDLE_IDENTIFIER = HuaHuaCai.EducationManagementSystemUITests;
				PRODUCT_NAME = "$(TARGET_NAME)";
				TEST_TARGET_NAME = EducationManagementSystem;
			};
			name = Release;
		};
/* End XCBuildConfiguration section */

/* Begin XCConfigurationList section */
		CF59C1581E1F7EA40081833A /* Build configuration list for PBXProject "EducationManagementSystem" */ = {
			isa = XCConfigurationList;
			buildConfigurations = (
				CF59C1881E1F7EA40081833A /* Debug */,
				CF59C1891E1F7EA40081833A /* Release */,
			);
			defaultConfigurationIsVisible = 0;
			defaultConfigurationName = Release;
		};
		CF59C18A1E1F7EA40081833A /* Build configuration list for PBXNativeTarget "EducationManagementSystem" */ = {
			isa = XCConfigurationList;
			buildConfigurations = (
				CF59C18B1E1F7EA40081833A /* Debug */,
				CF59C18C1E1F7EA40081833A /* Release */,
			);
			defaultConfigurationIsVisible = 0;
			defaultConfigurationName = Release;
		};
		CF59C18D1E1F7EA40081833A /* Build configuration list for PBXNativeTarget "EducationManagementSystemTests" */ = {
			isa = XCConfigurationList;
			buildConfigurations = (
				CF59C18E1E1F7EA40081833A /* Debug */,
				CF59C18F1E1F7EA40081833A /* Release */,
			);
			defaultConfigurationIsVisible = 0;
			defaultConfigurationName = Release;
		};
		CF59C1901E1F7EA40081833A /* Build configuration list for PBXNativeTarget "EducationManagementSystemUITests" */ = {
			isa = XCConfigurationList;
			buildConfigurations = (
				CF59C1911E1F7EA40081833A /* Debug */,
				CF59C1921E1F7EA40081833A /* Release */,
			);
			defaultConfigurationIsVisible = 0;
			defaultConfigurationName = Release;
		};
/* End XCConfigurationList section */
	};
	rootObject = CF59C1551E1F7EA40081833A /* Project object */;
}
